

Microsoft Visual Studio Solution File, Format Version 12.00
# Visual Studio 15
VisualStudioVersion = 15.0.28307.271
MinimumVisualStudioVersion = 10.0.40219.1
Project("{9A19103F-16F7-4668-BE54-9A1E7A4F7556}") = "TFLStatus.Console", "TFLStatus.Console\TFLStatus.Console.csproj", "{4AB56950-C6B7-41EA-AEFF-DD7FE08FB7E2}"
EndProject
Project("{9A19103F-16F7-4668-BE54-9A1E7A4F7556}") = "TFLStatus.Console.Tests", "TFLStatus.Console.Tests\TFLStatus.Console.Tests.csproj", "{35EE184C-6837-4BAB-8A90-94824F2FD2BD}"
EndProject
Project("{FAE04EC0-301F-11D3-BF4B-00C04F79EFBC}") = "TFLStatus.Services", "TFLStatus.Services\TFLStatus.Services.csproj", "{304B569E-6D04-44AD-AFD3-F645D786423B}"
EndProject
Project("{FAE04EC0-301F-11D3-BF4B-00C04F79EFBC}") = "TFLStatus.Interfaces", "TFLStatus.Interfaces\TFLStatus.Interfaces.csproj", "{4A558A07-C661-4ADA-9D3B-B7F1802EC804}"
EndProject
Project("{FAE04EC0-301F-11D3-BF4B-00C04F79EFBC}") = "TFLStatus.Interfaces.Tests", "TFLStatus.Interfaces.Tests\TFLStatus.Interfaces.Tests.csproj", "{5B12B15C-9F3B-48DD-A09F-196737917F55}"
EndProject
Project("{FAE04EC0-301F-11D3-BF4B-00C04F79EFBC}") = "TFLStatus.Services.Tests", "TFLStatus.Services.Tests\TFLStatus.Services.Tests.csproj", "{2F49B247-27D4-4C0B-86ED-B35A15472F39}"
EndProject
Global
	GlobalSection(SolutionConfigurationPlatforms) = preSolution
		Debug|Any CPU = Debug|Any CPU
		Release|Any CPU = Release|Any CPU
	EndGlobalSection
	GlobalSection(ProjectConfigurationPlatforms) = postSolution
		{4AB56950-C6B7-41EA-AEFF-DD7FE08FB7E2}.Debug|Any CPU.ActiveCfg = Debug|Any CPU
		{4AB56950-C6B7-41EA-AEFF-DD7FE08FB7E2}.Debug|Any CPU.Build.0 = Debug|Any CPU
		{4AB56950-C6B7-41EA-AEFF-DD7FE08FB7E2}.Release|Any CPU.ActiveCfg = Release|Any CPU
		{4AB56950-C6B7-41EA-AEFF-DD7FE08FB7E2}.Release|Any CPU.Build.0 = Release|Any CPU
		{35EE184C-6837-4BAB-8A90-94824F2FD2BD}.Debug|Any CPU.ActiveCfg = Debug|Any CPU
		{35EE184C-6837-4BAB-8A90-94824F2FD2BD}.Debug|Any CPU.Build.0 = Debug|Any CPU
		{35EE184C-6837-4BAB-8A90-94824F2FD2BD}.Release|Any CPU.ActiveCfg = Release|Any CPU
		{35EE184C-6837-4BAB-8A90-94824F2FD2BD}.Release|Any CPU.Build.0 = Release|Any CPU
		{304B569E-6D04-44AD-AFD3-F645D786423B}.Debug|Any CPU.ActiveCfg = Debug|Any CPU
		{304B569E-6D04-44AD-AFD3-F645D786423B}.Debug|Any CPU.Build.0 = Debug|Any CPU
		{304B569E-6D04-44AD-AFD3-F645D786423B}.Release|Any CPU.ActiveCfg = Release|Any CPU
		{304B569E-6D04-44AD-AFD3-F645D786423B}.Release|Any CPU.Build.0 = Release|Any CPU
		{4A558A07-C661-4ADA-9D3B-B7F1802EC804}.Debug|Any CPU.ActiveCfg = Debug|Any CPU
		{4A558A07-C661-4ADA-9D3B-B7F1802EC804}.Debug|Any CPU.Build.0 = Debug|Any CPU
		{4A558A07-C661-4ADA-9D3B-B7F1802EC804}.Release|Any CPU.ActiveCfg = Release|Any CPU
		{4A558A07-C661-4ADA-9D3B-B7F1802EC804}.Release|Any CPU.Build.0 = Release|Any CPU
		{5B12B15C-9F3B-48DD-A09F-196737917F55}.Debug|Any CPU.ActiveCfg = Debug|Any CPU
		{5B12B15C-9F3B-48DD-A09F-196737917F55}.Debug|Any CPU.Build.0 = Debug|Any CPU
		{5B12B15C-9F3B-48DD-A09F-196737917F55}.Release|Any CPU.ActiveCfg = Release|Any CPU
		{5B12B15C-9F3B-48DD-A09F-196737917F55}.Release|Any CPU.Build.0 = Release|Any CPU
		{2F49B247-27D4-4C0B-86ED-B35A15472F39}.Debug|Any CPU.ActiveCfg = Debug|Any CPU
		{2F49B247-27D4-4C0B-86ED-B35A15472F39}.Debug|Any CPU.Build.0 = Debug|Any CPU
		{2F49B247-27D4-4C0B-86ED-B35A15472F39}.Release|Any CPU.ActiveCfg = Release|Any CPU
		{2F49B247-27D4-4C0B-86ED-B35A15472F39}.Release|Any CPU.Build.0 = Release|Any CPU
	EndGlobalSection
	GlobalSection(SolutionProperties) = preSolution
		HideSolutionNode = FALSE
	EndGlobalSection
	GlobalSection(ExtensibilityGlobals) = postSolution
		SolutionGuid = {33C471DE-66DA-4BC0-94A1-DA74027F20F6}
	EndGlobalSection
EndGlobal
